<?xml version="1.0" encoding="utf-8"?>
<Project ToolsVersion="4.0" xmlns="http://schemas.microsoft.com/developer/msbuild/2003">
  <ItemGroup>
    <Filter Include="源文件">
      <UniqueIdentifier>{4FC737F1-C7A5-4376-A066-2A32D752A2FF}</UniqueIdentifier>
      <Extensions>cpp;c;cc;cxx;def;odl;idl;hpj;bat;asm;asmx</Extensions>
    </Filter>
    <Filter Include="头文件">
      <UniqueIdentifier>{93995380-89BD-4b04-88EB-625FBE52EBFB}</UniqueIdentifier>
      <Extensions>h;hpp;hxx;hm;inl;inc;xsd</Extensions>
    </Filter>
    <Filter Include="资源文件">
      <UniqueIdentifier>{67DA6AB6-F800-4c08-8B7A-83BB121AAD01}</UniqueIdentifier>
      <Extensions>rc;ico;cur;bmp;dlg;rc2;rct;bin;rgs;gif;jpg;jpeg;jpe;resx;tiff;tif;png;wav</Extensions>
    </Filter>
  </ItemGroup>
  <ItemGroup>
    <ClInclude Include="..\Include\ResSound.h">
      <Filter>头文件</Filter>
    </ClInclude>
  </ItemGroup>
  <ItemGroup>
    <None Include="Sound\0_f.wav">
      <Filter>资源文件</Filter>
    </None>
    <None Include="Sound\0_m.wav">
      <Filter>资源文件</Filter>
    </None>
    <None Include="Sound\1_f.wav">
      <Filter>资源文件</Filter>
    </None>
    <None Include="Sound\1_m.wav">
      <Filter>资源文件</Filter>
    </None>
    <None Include="Sound\2_f.wav">
      <Filter>资源文件</Filter>
    </None>
    <None Include="Sound\2_m.wav">
      <Filter>资源文件</Filter>
    </None>
    <None Include="Sound\3_f.wav">
      <Filter>资源文件</Filter>
    </None>
    <None Include="Sound\3_m.wav">
      <Filter>资源文件</Filter>
    </None>
    <None Include="Sound\bomb.wav">
      <Filter>资源文件</Filter>
    </None>
    <None Include="Sound\outcard.wav">
      <Filter>资源文件</Filter>
    </None>
    <None Include="Sound\runaway.wav">
      <Filter>资源文件</Filter>
    </None>
    <None Include="Sound\start.wav">
      <Filter>资源文件</Filter>
    </None>
    <None Include="Sound\timeout.wav">
      <Filter>资源文件</Filter>
    </None>
    <None Include="Sound\win.wav">
      <Filter>资源文件</Filter>
    </None>
  </ItemGroup>
  <ItemGroup>
    <ResourceCompile Include="ResSound.rc">
      <Filter>资源文件</Filter>
    </ResourceCompile>
  </ItemGroup>
</Project>